
Microsoft Visual Studio Solution File, Format Version 12.00
# Visual Studio Version 17
VisualStudioVersion = 17.4.33213.308
MinimumVisualStudioVersion = 10.0.40219.1
Project("{FAE04EC0-301F-11D3-BF4B-00C04F79EFBC}") = "RazorPagesPizza", "RazorPagesPizza\RazorPagesPizza.csproj", "{9CC02EDD-3FD4-428D-8900-5A73D641C5D2}"
EndProject
Global
	GlobalSection(SolutionConfigurationPlatforms) = preSolution
		Debug|Any CPU = Debug|Any CPU
		Release|Any CPU = Release|Any CPU
	EndGlobalSection
	GlobalSection(ProjectConfigurationPlatforms) = postSolution
		{9CC02EDD-3FD4-428D-8900-5A73D641C5D2}.Debug|Any CPU.ActiveCfg = Debug|Any CPU
		{9CC02EDD-3FD4-428D-8900-5A73D641C5D2}.Debug|Any CPU.Build.0 = Debug|Any CPU
		{9CC02EDD-3FD4-428D-8900-5A73D641C5D2}.Release|Any CPU.ActiveCfg = Release|Any CPU
		{9CC02EDD-3FD4-428D-8900-5A73D641C5D2}.Release|Any CPU.Build.0 = Release|Any CPU
	EndGlobalSection
	GlobalSection(SolutionProperties) = preSolution
		HideSolutionNode = FALSE
	EndGlobalSection
	GlobalSection(ExtensibilityGlobals) = postSolution
		SolutionGuid = {421144E3-0764-4888-80EA-F054D04AC262}
	EndGlobalSection
EndGlobal
